// !$*UTF8*$!
{
	archiveVersion = 1;
	classes = {
	};
	objectVersion = 55;
	objects = {

/* Begin PBXBuildFile section */
		307BEAF52895A529006496DD /* CustomerViewModel.swift in Sources */ = {isa = PBXBuildFile; fileRef = 307BEAF42895A529006496DD /* CustomerViewModel.swift */; };
		3E3E53E9B6298C9F6AE20BCC /* Pods_QRPayment.framework in Frameworks */ = {isa = PBXBuildFile; fileRef = 56889AC52BF0A88AEB5F7B44 /* Pods_QRPayment.framework */; };
		DC3A04D7289549820058B6E3 /* CustomerViewController.swift in Sources */ = {isa = PBXBuildFile; fileRef = DC3A04D5289549820058B6E3 /* CustomerViewController.swift */; };
		DC3A04D8289549820058B6E3 /* CustomerViewController.xib in Resources */ = {isa = PBXBuildFile; fileRef = DC3A04D6289549820058B6E3 /* CustomerViewController.xib */; };
		DC3A04DE2896A0890058B6E3 /* CashierViewController.swift in Sources */ = {isa = PBXBuildFile; fileRef = DC3A04DC2896A0890058B6E3 /* CashierViewController.swift */; };
		DC3A04DF2896A0890058B6E3 /* CashierViewController.xib in Resources */ = {isa = PBXBuildFile; fileRef = DC3A04DD2896A0890058B6E3 /* CashierViewController.xib */; };
		DC3A04E12896BF490058B6E3 /* ToolbarPickerView.swift in Sources */ = {isa = PBXBuildFile; fileRef = DC3A04E02896BF490058B6E3 /* ToolbarPickerView.swift */; };
		DC3A04E32896C82B0058B6E3 /* CashierViewModel.swift in Sources */ = {isa = PBXBuildFile; fileRef = DC3A04E22896C82B0058B6E3 /* CashierViewModel.swift */; };
		DCEE209A2892F9D9008800D0 /* AppDelegate.swift in Sources */ = {isa = PBXBuildFile; fileRef = DCEE20992892F9D9008800D0 /* AppDelegate.swift */; };
		DCEE209C2892F9D9008800D0 /* SceneDelegate.swift in Sources */ = {isa = PBXBuildFile; fileRef = DCEE209B2892F9D9008800D0 /* SceneDelegate.swift */; };
		DCEE209E2892F9D9008800D0 /* ViewController.swift in Sources */ = {isa = PBXBuildFile; fileRef = DCEE209D2892F9D9008800D0 /* ViewController.swift */; };
		DCEE20A12892F9D9008800D0 /* Main.storyboard in Resources */ = {isa = PBXBuildFile; fileRef = DCEE209F2892F9D9008800D0 /* Main.storyboard */; };
		DCEE20A32892F9E0008800D0 /* Assets.xcassets in Resources */ = {isa = PBXBuildFile; fileRef = DCEE20A22892F9E0008800D0 /* Assets.xcassets */; };
		DCEE20A62892F9E0008800D0 /* LaunchScreen.storyboard in Resources */ = {isa = PBXBuildFile; fileRef = DCEE20A42892F9E0008800D0 /* LaunchScreen.storyboard */; };
		DCEE20AE2892FA6F008800D0 /* GoogleService-Info.plist in Resources */ = {isa = PBXBuildFile; fileRef = DCEE20AD2892FA6F008800D0 /* GoogleService-Info.plist */; };
/* End PBXBuildFile section */

/* Begin PBXFileReference section */
		307BEAF42895A529006496DD /* CustomerViewModel.swift */ = {isa = PBXFileReference; lastKnownFileType = sourcecode.swift; path = CustomerViewModel.swift; sourceTree = "<group>"; };
		56889AC52BF0A88AEB5F7B44 /* Pods_QRPayment.framework */ = {isa = PBXFileReference; explicitFileType = wrapper.framework; includeInIndex = 0; path = Pods_QRPayment.framework; sourceTree = BUILT_PRODUCTS_DIR; };
		941A4FA6CD12F9ABE3B793AF /* Pods-QRPayment.release.xcconfig */ = {isa = PBXFileReference; includeInIndex = 1; lastKnownFileType = text.xcconfig; name = "Pods-QRPayment.release.xcconfig"; path = "Target Support Files/Pods-QRPayment/Pods-QRPayment.release.xcconfig"; sourceTree = "<group>"; };
		A7640A9EBEF50A10F6511D1D /* Pods-QRPayment.debug.xcconfig */ = {isa = PBXFileReference; includeInIndex = 1; lastKnownFileType = text.xcconfig; name = "Pods-QRPayment.debug.xcconfig"; path = "Target Support Files/Pods-QRPayment/Pods-QRPayment.debug.xcconfig"; sourceTree = "<group>"; };
		DC3A04D5289549820058B6E3 /* CustomerViewController.swift */ = {isa = PBXFileReference; lastKnownFileType = sourcecode.swift; path = CustomerViewController.swift; sourceTree = "<group>"; };
		DC3A04D6289549820058B6E3 /* CustomerViewController.xib */ = {isa = PBXFileReference; lastKnownFileType = file.xib; path = CustomerViewController.xib; sourceTree = "<group>"; };
		DC3A04DC2896A0890058B6E3 /* CashierViewController.swift */ = {isa = PBXFileReference; lastKnownFileType = sourcecode.swift; path = CashierViewController.swift; sourceTree = "<group>"; };
		DC3A04DD2896A0890058B6E3 /* CashierViewController.xib */ = {isa = PBXFileReference; lastKnownFileType = file.xib; path = CashierViewController.xib; sourceTree = "<group>"; };
		DC3A04E02896BF490058B6E3 /* ToolbarPickerView.swift */ = {isa = PBXFileReference; lastKnownFileType = sourcecode.swift; path = ToolbarPickerView.swift; sourceTree = "<group>"; };
		DC3A04E22896C82B0058B6E3 /* CashierViewModel.swift */ = {isa = PBXFileReference; lastKnownFileType = sourcecode.swift; path = CashierViewModel.swift; sourceTree = "<group>"; };
		DCEE20962892F9D9008800D0 /* QRPayment.app */ = {isa = PBXFileReference; explicitFileType = wrapper.application; includeInIndex = 0; path = QRPayment.app; sourceTree = BUILT_PRODUCTS_DIR; };
		DCEE20992892F9D9008800D0 /* AppDelegate.swift */ = {isa = PBXFileReference; lastKnownFileType = sourcecode.swift; path = AppDelegate.swift; sourceTree = "<group>"; };
		DCEE209B2892F9D9008800D0 /* SceneDelegate.swift */ = {isa = PBXFileReference; lastKnownFileType = sourcecode.swift; path = SceneDelegate.swift; sourceTree = "<group>"; };
		DCEE209D2892F9D9008800D0 /* ViewController.swift */ = {isa = PBXFileReference; lastKnownFileType = sourcecode.swift; path = ViewController.swift; sourceTree = "<group>"; };
		DCEE20A02892F9D9008800D0 /* Base */ = {isa = PBXFileReference; lastKnownFileType = file.storyboard; name = Base; path = Base.lproj/Main.storyboard; sourceTree = "<group>"; };
		DCEE20A22892F9E0008800D0 /* Assets.xcassets */ = {isa = PBXFileReference; lastKnownFileType = folder.assetcatalog; path = Assets.xcassets; sourceTree = "<group>"; };
		DCEE20A52892F9E0008800D0 /* Base */ = {isa = PBXFileReference; lastKnownFileType = file.storyboard; name = Base; path = Base.lproj/LaunchScreen.storyboard; sourceTree = "<group>"; };
		DCEE20A72892F9E0008800D0 /* Info.plist */ = {isa = PBXFileReference; lastKnownFileType = text.plist.xml; path = Info.plist; sourceTree = "<group>"; };
		DCEE20AD2892FA6F008800D0 /* GoogleService-Info.plist */ = {isa = PBXFileReference; fileEncoding = 4; lastKnownFileType = text.plist.xml; path = "GoogleService-Info.plist"; sourceTree = "<group>"; };
/* End PBXFileReference section */

/* Begin PBXFrameworksBuildPhase section */
		DCEE20932892F9D9008800D0 /* Frameworks */ = {
			isa = PBXFrameworksBuildPhase;
			buildActionMask = 2147483647;
			files = (
				3E3E53E9B6298C9F6AE20BCC /* Pods_QRPayment.framework in Frameworks */,
			);
			runOnlyForDeploymentPostprocessing = 0;
		};
/* End PBXFrameworksBuildPhase section */

/* Begin PBXGroup section */
		307B631F2895AF6D006D8764 /* App */ = {
			isa = PBXGroup;
			children = (
				DCEE20992892F9D9008800D0 /* AppDelegate.swift */,
				DCEE209B2892F9D9008800D0 /* SceneDelegate.swift */,
			);
			path = App;
			sourceTree = "<group>";
		};
		307B63202895AFA9006D8764 /* HomePage */ = {
			isa = PBXGroup;
			children = (
				DCEE209D2892F9D9008800D0 /* ViewController.swift */,
				DCEE209F2892F9D9008800D0 /* Main.storyboard */,
			);
			path = HomePage;
			sourceTree = "<group>";
		};
		307B63222895AFC5006D8764 /* CustomerPage */ = {
			isa = PBXGroup;
			children = (
				DC3A04D5289549820058B6E3 /* CustomerViewController.swift */,
				DC3A04D6289549820058B6E3 /* CustomerViewController.xib */,
			);
			path = CustomerPage;
			sourceTree = "<group>";
		};
		307BEAF32895A517006496DD /* ViewModels */ = {
			isa = PBXGroup;
			children = (
				307BEAF42895A529006496DD /* CustomerViewModel.swift */,
				DC3A04E22896C82B0058B6E3 /* CashierViewModel.swift */,
			);
			path = ViewModels;
			sourceTree = "<group>";
		};
		30E2F5D828970EFF0006B5EF /* Components */ = {
			isa = PBXGroup;
			children = (
				DC3A04E02896BF490058B6E3 /* ToolbarPickerView.swift */,
			);
			path = Components;
			sourceTree = "<group>";
		};
		A144699F17AADBE73AB015AD /* Pods */ = {
			isa = PBXGroup;
			children = (
				A7640A9EBEF50A10F6511D1D /* Pods-QRPayment.debug.xcconfig */,
				941A4FA6CD12F9ABE3B793AF /* Pods-QRPayment.release.xcconfig */,
			);
			path = Pods;
			sourceTree = "<group>";
		};
		CF5F9F7363BF04F78F46D276 /* Frameworks */ = {
			isa = PBXGroup;
			children = (
				56889AC52BF0A88AEB5F7B44 /* Pods_QRPayment.framework */,
			);
			name = Frameworks;
			sourceTree = "<group>";
		};
		DC3A04D2289548F10058B6E3 /* Scenes */ = {
			isa = PBXGroup;
			children = (
				307B63202895AFA9006D8764 /* HomePage */,
				307B63222895AFC5006D8764 /* CustomerPage */,
				DC3A04DB2896A05C0058B6E3 /* CashierPage */,
			);
			path = Scenes;
			sourceTree = "<group>";
		};
		DC3A04DB2896A05C0058B6E3 /* CashierPage */ = {
			isa = PBXGroup;
			children = (
				DC3A04DC2896A0890058B6E3 /* CashierViewController.swift */,
				DC3A04DD2896A0890058B6E3 /* CashierViewController.xib */,
			);
			path = CashierPage;
			sourceTree = "<group>";
		};
		DCEE208D2892F9D9008800D0 = {
			isa = PBXGroup;
			children = (
				DCEE20982892F9D9008800D0 /* QRPayment */,
				DCEE20972892F9D9008800D0 /* Products */,
				A144699F17AADBE73AB015AD /* Pods */,
				CF5F9F7363BF04F78F46D276 /* Frameworks */,
			);
			sourceTree = "<group>";
		};
		DCEE20972892F9D9008800D0 /* Products */ = {
			isa = PBXGroup;
			children = (
				DCEE20962892F9D9008800D0 /* QRPayment.app */,
			);
			name = Products;
			sourceTree = "<group>";
		};
		DCEE20982892F9D9008800D0 /* QRPayment */ = {
			isa = PBXGroup;
			children = (
				307B631F2895AF6D006D8764 /* App */,
				307BEAF32895A517006496DD /* ViewModels */,
				DC3A04D2289548F10058B6E3 /* Scenes */,
				30E2F5D828970EFF0006B5EF /* Components */,
				DCEE20A22892F9E0008800D0 /* Assets.xcassets */,
				DCEE20A42892F9E0008800D0 /* LaunchScreen.storyboard */,
				DCEE20A72892F9E0008800D0 /* Info.plist */,
				DCEE20AD2892FA6F008800D0 /* GoogleService-Info.plist */,
			);
			path = QRPayment;
			sourceTree = "<group>";
		};
/* End PBXGroup section */

/* Begin PBXNativeTarget section */
		DCEE20952892F9D9008800D0 /* QRPayment */ = {
			isa = PBXNativeTarget;
			buildConfigurationList = DCEE20AA2892F9E0008800D0 /* Build configuration list for PBXNativeTarget "QRPayment" */;
			buildPhases = (
				66B6AD4E7464A3F2E5A2ABAB /* [CP] Check Pods Manifest.lock */,
				DCEE20922892F9D9008800D0 /* Sources */,
				DCEE20932892F9D9008800D0 /* Frameworks */,
				DCEE20942892F9D9008800D0 /* Resources */,
				DF7C86D6494C2F5B1E292CA1 /* [CP] Embed Pods Frameworks */,
			);
			buildRules = (
			);
			dependencies = (
			);
			name = QRPayment;
			productName = QRPayment;
			productReference = DCEE20962892F9D9008800D0 /* QRPayment.app */;
			productType = "com.apple.product-type.application";
		};
/* End PBXNativeTarget section */

/* Begin PBXProject section */
		DCEE208E2892F9D9008800D0 /* Project object */ = {
			isa = PBXProject;
			attributes = {
				BuildIndependentTargetsInParallel = 1;
				LastSwiftUpdateCheck = 1340;
				LastUpgradeCheck = 1340;
				TargetAttributes = {
					DCEE20952892F9D9008800D0 = {
						CreatedOnToolsVersion = 13.4.1;
					};
				};
			};
			buildConfigurationList = DCEE20912892F9D9008800D0 /* Build configuration list for PBXProject "QRPayment" */;
			compatibilityVersion = "Xcode 13.0";
			developmentRegion = en;
			hasScannedForEncodings = 0;
			knownRegions = (
				en,
				Base,
			);
			mainGroup = DCEE208D2892F9D9008800D0;
			productRefGroup = DCEE20972892F9D9008800D0 /* Products */;
			projectDirPath = "";
			projectRoot = "";
			targets = (
				DCEE20952892F9D9008800D0 /* QRPayment */,
			);
		};
/* End PBXProject section */

/* Begin PBXResourcesBuildPhase section */
		DCEE20942892F9D9008800D0 /* Resources */ = {
			isa = PBXResourcesBuildPhase;
			buildActionMask = 2147483647;
			files = (
				DC3A04DF2896A0890058B6E3 /* CashierViewController.xib in Resources */,
				DCEE20A62892F9E0008800D0 /* LaunchScreen.storyboard in Resources */,
				DCEE20AE2892FA6F008800D0 /* GoogleService-Info.plist in Resources */,
				DCEE20A32892F9E0008800D0 /* Assets.xcassets in Resources */,
				DCEE20A12892F9D9008800D0 /* Main.storyboard in Resources */,
				DC3A04D8289549820058B6E3 /* CustomerViewController.xib in Resources */,
			);
			runOnlyForDeploymentPostprocessing = 0;
		};
/* End PBXResourcesBuildPhase section */

/* Begin PBXShellScriptBuildPhase section */
		66B6AD4E7464A3F2E5A2ABAB /* [CP] Check Pods Manifest.lock */ = {
			isa = PBXShellScriptBuildPhase;
			buildActionMask = 2147483647;
			files = (
			);
			inputFileListPaths = (
			);
			inputPaths = (
				"${PODS_PODFILE_DIR_PATH}/Podfile.lock",
				"${PODS_ROOT}/Manifest.lock",
			);
			name = "[CP] Check Pods Manifest.lock";
			outputFileListPaths = (
			);
			outputPaths = (
				"$(DERIVED_FILE_DIR)/Pods-QRPayment-checkManifestLockResult.txt",
			);
			runOnlyForDeploymentPostprocessing = 0;
			shellPath = /bin/sh;
			shellScript = "diff \"${PODS_PODFILE_DIR_PATH}/Podfile.lock\" \"${PODS_ROOT}/Manifest.lock\" > /dev/null\nif [ $? != 0 ] ; then\n    # print error to STDERR\n    echo \"error: The sandbox is not in sync with the Podfile.lock. Run 'pod install' or update your CocoaPods installation.\" >&2\n    exit 1\nfi\n# This output is used by Xcode 'outputs' to avoid re-running this script phase.\necho \"SUCCESS\" > \"${SCRIPT_OUTPUT_FILE_0}\"\n";
			showEnvVarsInLog = 0;
		};
		DF7C86D6494C2F5B1E292CA1 /* [CP] Embed Pods Frameworks */ = {
			isa = PBXShellScriptBuildPhase;
			buildActionMask = 2147483647;
			files = (
			);
			inputFileListPaths = (
				"${PODS_ROOT}/Target Support Files/Pods-QRPayment/Pods-QRPayment-frameworks-${CONFIGURATION}-input-files.xcfilelist",
			);
			name = "[CP] Embed Pods Frameworks";
			outputFileListPaths = (
				"${PODS_ROOT}/Target Support Files/Pods-QRPayment/Pods-QRPayment-frameworks-${CONFIGURATION}-output-files.xcfilelist",
			);
			runOnlyForDeploymentPostprocessing = 0;
			shellPath = /bin/sh;
			shellScript = "\"${PODS_ROOT}/Target Support Files/Pods-QRPayment/Pods-QRPayment-frameworks.sh\"\n";
			showEnvVarsInLog = 0;
		};
/* End PBXShellScriptBuildPhase section */

/* Begin PBXSourcesBuildPhase section */
		DCEE20922892F9D9008800D0 /* Sources */ = {
			isa = PBXSourcesBuildPhase;
			buildActionMask = 2147483647;
			files = (
				DC3A04D7289549820058B6E3 /* CustomerViewController.swift in Sources */,
				DC3A04E12896BF490058B6E3 /* ToolbarPickerView.swift in Sources */,
				307BEAF52895A529006496DD /* CustomerViewModel.swift in Sources */,
				DC3A04DE2896A0890058B6E3 /* CashierViewController.swift in Sources */,
				DC3A04E32896C82B0058B6E3 /* CashierViewModel.swift in Sources */,
				DCEE209E2892F9D9008800D0 /* ViewController.swift in Sources */,
				DCEE209A2892F9D9008800D0 /* AppDelegate.swift in Sources */,
				DCEE209C2892F9D9008800D0 /* SceneDelegate.swift in Sources */,
			);
			runOnlyForDeploymentPostprocessing = 0;
		};
/* End PBXSourcesBuildPhase section */

/* Begin PBXVariantGroup section */
		DCEE209F2892F9D9008800D0 /* Main.storyboard */ = {
			isa = PBXVariantGroup;
			children = (
				DCEE20A02892F9D9008800D0 /* Base */,
			);
			name = Main.storyboard;
			sourceTree = "<group>";
		};
		DCEE20A42892F9E0008800D0 /* LaunchScreen.storyboard */ = {
			isa = PBXVariantGroup;
			children = (
				DCEE20A52892F9E0008800D0 /* Base */,
			);
			name = LaunchScreen.storyboard;
			sourceTree = "<group>";
		};
/* End PBXVariantGroup section */

/* Begin XCBuildConfiguration section */
		DCEE20A82892F9E0008800D0 /* Debug */ = {
			isa = XCBuildConfiguration;
			buildSettings = {
				ALWAYS_SEARCH_USER_PATHS = NO;
				CLANG_ANALYZER_NONNULL = YES;
				CLANG_ANALYZER_NUMBER_OBJECT_CONVERSION = YES_AGGRESSIVE;
				CLANG_CXX_LANGUAGE_STANDARD = "gnu++17";
				CLANG_ENABLE_MODULES = YES;
				CLANG_ENABLE_OBJC_ARC = YES;
				CLANG_ENABLE_OBJC_WEAK = YES;
				CLANG_WARN_BLOCK_CAPTURE_AUTORELEASING = YES;
				CLANG_WARN_BOOL_CONVERSION = YES;
				CLANG_WARN_COMMA = YES;
				CLANG_WARN_CONSTANT_CONVERSION = YES;
				CLANG_WARN_DEPRECATED_OBJC_IMPLEMENTATIONS = YES;
				CLANG_WARN_DIRECT_OBJC_ISA_USAGE = YES_ERROR;
				CLANG_WARN_DOCUMENTATION_COMMENTS = YES;
				CLANG_WARN_EMPTY_BODY = YES;
				CLANG_WARN_ENUM_CONVERSION = YES;
				CLANG_WARN_INFINITE_RECURSION = YES;
				CLANG_WARN_INT_CONVERSION = YES;
				CLANG_WARN_NON_LITERAL_NULL_CONVERSION = YES;
				CLANG_WARN_OBJC_IMPLICIT_RETAIN_SELF = YES;
				CLANG_WARN_OBJC_LITERAL_CONVERSION = YES;
				CLANG_WARN_OBJC_ROOT_CLASS = YES_ERROR;
				CLANG_WARN_QUOTED_INCLUDE_IN_FRAMEWORK_HEADER = YES;
				CLANG_WARN_RANGE_LOOP_ANALYSIS = YES;
				CLANG_WARN_STRICT_PROTOTYPES = YES;
				CLANG_WARN_SUSPICIOUS_MOVE = YES;
				CLANG_WARN_UNGUARDED_AVAILABILITY = YES_AGGRESSIVE;
				CLANG_WARN_UNREACHABLE_CODE = YES;
				CLANG_WARN__DUPLICATE_METHOD_MATCH = YES;
				COPY_PHASE_STRIP = NO;
				DEBUG_INFORMATION_FORMAT = dwarf;
				ENABLE_STRICT_OBJC_MSGSEND = YES;
				ENABLE_TESTABILITY = YES;
				GCC_C_LANGUAGE_STANDARD = gnu11;
				GCC_DYNAMIC_NO_PIC = NO;
				GCC_NO_COMMON_BLOCKS = YES;
				GCC_OPTIMIZATION_LEVEL = 0;
				GCC_PREPROCESSOR_DEFINITIONS = (
					"DEBUG=1",
					"$(inherited)",
				);
				GCC_WARN_64_TO_32_BIT_CONVERSION = YES;
				GCC_WARN_ABOUT_RETURN_TYPE = YES_ERROR;
				GCC_WARN_UNDECLARED_SELECTOR = YES;
				GCC_WARN_UNINITIALIZED_AUTOS = YES_AGGRESSIVE;
				GCC_WARN_UNUSED_FUNCTION = YES;
				GCC_WARN_UNUSED_VARIABLE = YES;
				IPHONEOS_DEPLOYMENT_TARGET = 15.5;
				MTL_ENABLE_DEBUG_INFO = INCLUDE_SOURCE;
				MTL_FAST_MATH = YES;
				ONLY_ACTIVE_ARCH = YES;
				SDKROOT = iphoneos;
				SWIFT_ACTIVE_COMPILATION_CONDITIONS = DEBUG;
				SWIFT_OPTIMIZATION_LEVEL = "-Onone";
			};
			name = Debug;
		};
		DCEE20A92892F9E0008800D0 /* Release */ = {
			isa = XCBuildConfiguration;
			buildSettings = {
				ALWAYS_SEARCH_USER_PATHS = NO;
				CLANG_ANALYZER_NONNULL = YES;
				CLANG_ANALYZER_NUMBER_OBJECT_CONVERSION = YES_AGGRESSIVE;
				CLANG_CXX_LANGUAGE_STANDARD = "gnu++17";
				CLANG_ENABLE_MODULES = YES;
				CLANG_ENABLE_OBJC_ARC = YES;
				CLANG_ENABLE_OBJC_WEAK = YES;
				CLANG_WARN_BLOCK_CAPTURE_AUTORELEASING = YES;
				CLANG_WARN_BOOL_CONVERSION = YES;
				CLANG_WARN_COMMA = YES;
				CLANG_WARN_CONSTANT_CONVERSION = YES;
				CLANG_WARN_DEPRECATED_OBJC_IMPLEMENTATIONS = YES;
				CLANG_WARN_DIRECT_OBJC_ISA_USAGE = YES_ERROR;
				CLANG_WARN_DOCUMENTATION_COMMENTS = YES;
				CLANG_WARN_EMPTY_BODY = YES;
				CLANG_WARN_ENUM_CONVERSION = YES;
				CLANG_WARN_INFINITE_RECURSION = YES;
				CLANG_WARN_INT_CONVERSION = YES;
				CLANG_WARN_NON_LITERAL_NULL_CONVERSION = YES;
				CLANG_WARN_OBJC_IMPLICIT_RETAIN_SELF = YES;
				CLANG_WARN_OBJC_LITERAL_CONVERSION = YES;
				CLANG_WARN_OBJC_ROOT_CLASS = YES_ERROR;
				CLANG_WARN_QUOTED_INCLUDE_IN_FRAMEWORK_HEADER = YES;
				CLANG_WARN_RANGE_LOOP_ANALYSIS = YES;
				CLANG_WARN_STRICT_PROTOTYPES = YES;
				CLANG_WARN_SUSPICIOUS_MOVE = YES;
				CLANG_WARN_UNGUARDED_AVAILABILITY = YES_AGGRESSIVE;
				CLANG_WARN_UNREACHABLE_CODE = YES;
				CLANG_WARN__DUPLICATE_METHOD_MATCH = YES;
				COPY_PHASE_STRIP = NO;
				DEBUG_INFORMATION_FORMAT = "dwarf-with-dsym";
				ENABLE_NS_ASSERTIONS = NO;
				ENABLE_STRICT_OBJC_MSGSEND = YES;
				GCC_C_LANGUAGE_STANDARD = gnu11;
				GCC_NO_COMMON_BLOCKS = YES;
				GCC_WARN_64_TO_32_BIT_CONVERSION = YES;
				GCC_WARN_ABOUT_RETURN_TYPE = YES_ERROR;
				GCC_WARN_UNDECLARED_SELECTOR = YES;
				GCC_WARN_UNINITIALIZED_AUTOS = YES_AGGRESSIVE;
				GCC_WARN_UNUSED_FUNCTION = YES;
				GCC_WARN_UNUSED_VARIABLE = YES;
				IPHONEOS_DEPLOYMENT_TARGET = 15.5;
				MTL_ENABLE_DEBUG_INFO = NO;
				MTL_FAST_MATH = YES;
				SDKROOT = iphoneos;
				SWIFT_COMPILATION_MODE = wholemodule;
				SWIFT_OPTIMIZATION_LEVEL = "-O";
				VALIDATE_PRODUCT = YES;
			};
			name = Release;
		};
		DCEE20AB2892F9E0008800D0 /* Debug */ = {
			isa = XCBuildConfiguration;
			baseConfigurationReference = A7640A9EBEF50A10F6511D1D /* Pods-QRPayment.debug.xcconfig */;
			buildSettings = {
				ASSETCATALOG_COMPILER_APPICON_NAME = AppIcon;
				ASSETCATALOG_COMPILER_GLOBAL_ACCENT_COLOR_NAME = AccentColor;
				CODE_SIGN_STYLE = Automatic;
				CURRENT_PROJECT_VERSION = 1;
				DEVELOPMENT_TEAM = WMTRUPBUMP;
				GENERATE_INFOPLIST_FILE = YES;
				INFOPLIST_FILE = QRPayment/Info.plist;
				INFOPLIST_KEY_NSCameraUsageDescription = "QRPayment will use it to scan QR code";
				INFOPLIST_KEY_UIApplicationSupportsIndirectInputEvents = YES;
				INFOPLIST_KEY_UILaunchStoryboardName = LaunchScreen;
				INFOPLIST_KEY_UIMainStoryboardFile = Main;
				INFOPLIST_KEY_UISupportedInterfaceOrientations_iPad = "UIInterfaceOrientationPortrait UIInterfaceOrientationPortraitUpsideDown UIInterfaceOrientationLandscapeLeft UIInterfaceOrientationLandscapeRight";
				INFOPLIST_KEY_UISupportedInterfaceOrientations_iPhone = "UIInterfaceOrientationPortrait UIInterfaceOrientationLandscapeLeft UIInterfaceOrientationLandscapeRight";
				INFOPLIST_KEY_UIUserInterfaceStyle = Light;
				LD_RUNPATH_SEARCH_PATHS = (
					"$(inherited)",
					"@executable_path/Frameworks",
				);
				MARKETING_VERSION = 1.0;
				PRODUCT_BUNDLE_IDENTIFIER = com.erdoganturpcu.QRPayment;
				PRODUCT_NAME = "$(TARGET_NAME)";
				SWIFT_EMIT_LOC_STRINGS = YES;
				SWIFT_VERSION = 5.0;
				TARGETED_DEVICE_FAMILY = "1,2";
			};
			name = Debug;
		};
		DCEE20AC2892F9E0008800D0 /* Release */ = {
			isa = XCBuildConfiguration;
			baseConfigurationReference = 941A4FA6CD12F9ABE3B793AF /* Pods-QRPayment.release.xcconfig */;
			buildSettings = {
				ASSETCATALOG_COMPILER_APPICON_NAME = AppIcon;
				ASSETCATALOG_COMPILER_GLOBAL_ACCENT_COLOR_NAME = AccentColor;
				CODE_SIGN_STYLE = Automatic;
				CURRENT_PROJECT_VERSION = 1;
				DEVELOPMENT_TEAM = WMTRUPBUMP;
				GENERATE_INFOPLIST_FILE = YES;
				INFOPLIST_FILE = QRPayment/Info.plist;
				INFOPLIST_KEY_NSCameraUsageDescription = "QRPayment will use it to scan QR code";
				INFOPLIST_KEY_UIApplicationSupportsIndirectInputEvents = YES;
				INFOPLIST_KEY_UILaunchStoryboardName = LaunchScreen;
				INFOPLIST_KEY_UIMainStoryboardFile = Main;
				INFOPLIST_KEY_UISupportedInterfaceOrientations_iPad = "UIInterfaceOrientationPortrait UIInterfaceOrientationPortraitUpsideDown UIInterfaceOrientationLandscapeLeft UIInterfaceOrientationLandscapeRight";
				INFOPLIST_KEY_UISupportedInterfaceOrientations_iPhone = "UIInterfaceOrientationPortrait UIInterfaceOrientationLandscapeLeft UIInterfaceOrientationLandscapeRight";
				INFOPLIST_KEY_UIUserInterfaceStyle = Light;
				LD_RUNPATH_SEARCH_PATHS = (
					"$(inherited)",
					"@executable_path/Frameworks",
				);
				MARKETING_VERSION = 1.0;
				PRODUCT_BUNDLE_IDENTIFIER = com.erdoganturpcu.QRPayment;
				PRODUCT_NAME = "$(TARGET_NAME)";
				SWIFT_EMIT_LOC_STRINGS = YES;
				SWIFT_VERSION = 5.0;
				TARGETED_DEVICE_FAMILY = "1,2";
			};
			name = Release;
		};
/* End XCBuildConfiguration section */

/* Begin XCConfigurationList section */
		DCEE20912892F9D9008800D0 /* Build configuration list for PBXProject "QRPayment" */ = {
			isa = XCConfigurationList;
			buildConfigurations = (
				DCEE20A82892F9E0008800D0 /* Debug */,
				DCEE20A92892F9E0008800D0 /* Release */,
			);
			defaultConfigurationIsVisible = 0;
			defaultConfigurationName = Release;
		};
		DCEE20AA2892F9E0008800D0 /* Build configuration list for PBXNativeTarget "QRPayment" */ = {
			isa = XCConfigurationList;
			buildConfigurations = (
				DCEE20AB2892F9E0008800D0 /* Debug */,
				DCEE20AC2892F9E0008800D0 /* Release */,
			);
			defaultConfigurationIsVisible = 0;
			defaultConfigurationName = Release;
		};
/* End XCConfigurationList section */
	};
	rootObject = DCEE208E2892F9D9008800D0 /* Project object */;
}
